
Microsoft Visual Studio Solution File, Format Version 12.00
# Visual Studio Version 16
VisualStudioVersion = 16.0.28803.452
MinimumVisualStudioVersion = 10.0.40219.1
Project("{FAE04EC0-301F-11D3-BF4B-00C04F79EFBC}") = "CheckSumSHA256Inspector", "CheckSumSHA256Inspector\CheckSumSHA256Inspector.csproj", "{1D1FDBB2-E74A-407E-8FFA-2307B8DDEB18}"
EndProject
Project("{54435603-DBB4-11D2-8724-00A0C9A8B90C}") = "SetupSHA256FileInspector", "SetupSHA256FileInspector\SetupSHA256FileInspector.vdproj", "{B7701513-2198-4C64-B2BB-E218A15B8F75}"
EndProject
Global
	GlobalSection(SolutionConfigurationPlatforms) = preSolution
		Debug|Any CPU = Debug|Any CPU
		Release|Any CPU = Release|Any CPU
	EndGlobalSection
	GlobalSection(ProjectConfigurationPlatforms) = postSolution
		{1D1FDBB2-E74A-407E-8FFA-2307B8DDEB18}.Debug|Any CPU.ActiveCfg = Debug|Any CPU
		{1D1FDBB2-E74A-407E-8FFA-2307B8DDEB18}.Debug|Any CPU.Build.0 = Debug|Any CPU
		{1D1FDBB2-E74A-407E-8FFA-2307B8DDEB18}.Release|Any CPU.ActiveCfg = Release|Any CPU
		{1D1FDBB2-E74A-407E-8FFA-2307B8DDEB18}.Release|Any CPU.Build.0 = Release|Any CPU
		{B7701513-2198-4C64-B2BB-E218A15B8F75}.Debug|Any CPU.ActiveCfg = Debug
		{B7701513-2198-4C64-B2BB-E218A15B8F75}.Release|Any CPU.ActiveCfg = Release
	EndGlobalSection
	GlobalSection(SolutionProperties) = preSolution
		HideSolutionNode = FALSE
	EndGlobalSection
	GlobalSection(ExtensibilityGlobals) = postSolution
		SolutionGuid = {F9DAC3DF-45D1-42DA-9596-80770F244FD5}
	EndGlobalSection
EndGlobal
